// !$*UTF8*$!
{
	archiveVersion = 1;
	classes = {
	};
	objectVersion = 51;
	objects = {

/* Begin PBXBuildFile section */
		02C874156FB610306C98BDAD /* Pods_InstaStories.framework in Frameworks */ = {isa = PBXBuildFile; fileRef = 93DE0D063D7C3E7B3DAC57B6 /* Pods_InstaStories.framework */; };
		F111BA9F2444F82A001EAAF7 /* HomeViewModel.swift in Sources */ = {isa = PBXBuildFile; fileRef = F111BA9E2444F82A001EAAF7 /* HomeViewModel.swift */; };
		F12FEA532447CD5C0095BE24 /* PhotoCell.swift in Sources */ = {isa = PBXBuildFile; fileRef = F12FEA522447CD5C0095BE24 /* PhotoCell.swift */; };
		F136F262244DDB09004E570D /* ColorCell.swift in Sources */ = {isa = PBXBuildFile; fileRef = F136F261244DDB09004E570D /* ColorCell.swift */; };
		F136F264244DF5C6004E570D /* ColorsViewModel.swift in Sources */ = {isa = PBXBuildFile; fileRef = F136F263244DF5C6004E570D /* ColorsViewModel.swift */; };
		F13F9FFE24570F1C000E4C2D /* SceneNavigatorView.swift in Sources */ = {isa = PBXBuildFile; fileRef = F13F9FFD24570F1C000E4C2D /* SceneNavigatorView.swift */; };
		F13FA00024570FB1000E4C2D /* Double.swift in Sources */ = {isa = PBXBuildFile; fileRef = F13F9FFF24570FB1000E4C2D /* Double.swift */; };
		F13FA00424571D3A000E4C2D /* SceneNavigatorViewModel.swift in Sources */ = {isa = PBXBuildFile; fileRef = F13FA00324571D3A000E4C2D /* SceneNavigatorViewModel.swift */; };
		F13FA00624572C53000E4C2D /* SaveView.swift in Sources */ = {isa = PBXBuildFile; fileRef = F13FA00524572C53000E4C2D /* SaveView.swift */; };
		F13FA008245733C1000E4C2D /* CompletionView.swift in Sources */ = {isa = PBXBuildFile; fileRef = F13FA007245733C1000E4C2D /* CompletionView.swift */; };
		F13FA00A24573412000E4C2D /* CompletionViewModel.swift in Sources */ = {isa = PBXBuildFile; fileRef = F13FA00924573412000E4C2D /* CompletionViewModel.swift */; };
		F13FA00C24573FE8000E4C2D /* EditorViewController+Gestures.swift in Sources */ = {isa = PBXBuildFile; fileRef = F13FA00B24573FE8000E4C2D /* EditorViewController+Gestures.swift */; };
		F13FA00E24577FB4000E4C2D /* UIView.swift in Sources */ = {isa = PBXBuildFile; fileRef = F13FA00D24577FB4000E4C2D /* UIView.swift */; };
		F13FA010245781E6000E4C2D /* CGRect+Center.swift in Sources */ = {isa = PBXBuildFile; fileRef = F13FA00F245781E6000E4C2D /* CGRect+Center.swift */; };
		F162EED92434E6CD00FA0B49 /* AppDelegate.swift in Sources */ = {isa = PBXBuildFile; fileRef = F162EED82434E6CD00FA0B49 /* AppDelegate.swift */; };
		F162EEDB2434E6CD00FA0B49 /* SceneDelegate.swift in Sources */ = {isa = PBXBuildFile; fileRef = F162EEDA2434E6CD00FA0B49 /* SceneDelegate.swift */; };
		F162EEDD2434E6CD00FA0B49 /* HomeViewController.swift in Sources */ = {isa = PBXBuildFile; fileRef = F162EEDC2434E6CD00FA0B49 /* HomeViewController.swift */; };
		F162EEE22434E6D200FA0B49 /* Assets.xcassets in Resources */ = {isa = PBXBuildFile; fileRef = F162EEE12434E6D200FA0B49 /* Assets.xcassets */; };
		F19ABF41244C9B2C005C8ED9 /* Constants.swift in Sources */ = {isa = PBXBuildFile; fileRef = F19ABF40244C9B2C005C8ED9 /* Constants.swift */; };
		F1B3F01F2455BB10001F419C /* TouchStateCaptureGesture.swift in Sources */ = {isa = PBXBuildFile; fileRef = F1B3F01E2455BB10001F419C /* TouchStateCaptureGesture.swift */; };
		F1B3F0212455CEC7001F419C /* CanvasItem.swift in Sources */ = {isa = PBXBuildFile; fileRef = F1B3F0202455CEC7001F419C /* CanvasItem.swift */; };
		F1B7F5562459C8BC00A2C720 /* EditorViewController+TextView.swift in Sources */ = {isa = PBXBuildFile; fileRef = F1B7F5552459C8BC00A2C720 /* EditorViewController+TextView.swift */; };
		F1BFD685244B659800513C9A /* PhotoView.swift in Sources */ = {isa = PBXBuildFile; fileRef = F1BFD684244B659800513C9A /* PhotoView.swift */; };
		F1C2AEC7244A06AD00F54CA2 /* EditorViewModel.swift in Sources */ = {isa = PBXBuildFile; fileRef = F1C2AEC6244A06AD00F54CA2 /* EditorViewModel.swift */; };
		F1C2AEC9244A077A00F54CA2 /* EditorViewController.swift in Sources */ = {isa = PBXBuildFile; fileRef = F1C2AEC8244A077A00F54CA2 /* EditorViewController.swift */; };
		F1C7BD482451C11200E0C638 /* TouchCaptureGesture.swift in Sources */ = {isa = PBXBuildFile; fileRef = F1C7BD472451C11200E0C638 /* TouchCaptureGesture.swift */; };
		F1C7BD4A2451F3B000E0C638 /* ColorsCollectionViewController.swift in Sources */ = {isa = PBXBuildFile; fileRef = F1C7BD492451F3B000E0C638 /* ColorsCollectionViewController.swift */; };
		F1FA0CE024466AC2005D2801 /* PhotosViewController.swift in Sources */ = {isa = PBXBuildFile; fileRef = F1FA0CDF24466AC2005D2801 /* PhotosViewController.swift */; };
		F1FA0CE324466AF5005D2801 /* UIViewController.swift in Sources */ = {isa = PBXBuildFile; fileRef = F1FA0CE224466AF5005D2801 /* UIViewController.swift */; };
		F1FA0CE524466E0C005D2801 /* PhotosViewModel.swift in Sources */ = {isa = PBXBuildFile; fileRef = F1FA0CE424466E0C005D2801 /* PhotosViewModel.swift */; };
/* End PBXBuildFile section */

/* Begin PBXFileReference section */
		7974F03D1C3445B97183E971 /* Pods-InstaStories.debug.xcconfig */ = {isa = PBXFileReference; includeInIndex = 1; lastKnownFileType = text.xcconfig; name = "Pods-InstaStories.debug.xcconfig"; path = "Target Support Files/Pods-InstaStories/Pods-InstaStories.debug.xcconfig"; sourceTree = "<group>"; };
		93DE0D063D7C3E7B3DAC57B6 /* Pods_InstaStories.framework */ = {isa = PBXFileReference; explicitFileType = wrapper.framework; includeInIndex = 0; path = Pods_InstaStories.framework; sourceTree = BUILT_PRODUCTS_DIR; };
		B67CD3D2F780600E6DF881B1 /* Pods-InstaStories.release.xcconfig */ = {isa = PBXFileReference; includeInIndex = 1; lastKnownFileType = text.xcconfig; name = "Pods-InstaStories.release.xcconfig"; path = "Target Support Files/Pods-InstaStories/Pods-InstaStories.release.xcconfig"; sourceTree = "<group>"; };
		F111BA9E2444F82A001EAAF7 /* HomeViewModel.swift */ = {isa = PBXFileReference; lastKnownFileType = sourcecode.swift; path = HomeViewModel.swift; sourceTree = "<group>"; };
		F12FEA522447CD5C0095BE24 /* PhotoCell.swift */ = {isa = PBXFileReference; lastKnownFileType = sourcecode.swift; path = PhotoCell.swift; sourceTree = "<group>"; };
		F136F261244DDB09004E570D /* ColorCell.swift */ = {isa = PBXFileReference; lastKnownFileType = sourcecode.swift; path = ColorCell.swift; sourceTree = "<group>"; };
		F136F263244DF5C6004E570D /* ColorsViewModel.swift */ = {isa = PBXFileReference; lastKnownFileType = sourcecode.swift; path = ColorsViewModel.swift; sourceTree = "<group>"; };
		F13F9FFD24570F1C000E4C2D /* SceneNavigatorView.swift */ = {isa = PBXFileReference; lastKnownFileType = sourcecode.swift; path = SceneNavigatorView.swift; sourceTree = "<group>"; };
		F13F9FFF24570FB1000E4C2D /* Double.swift */ = {isa = PBXFileReference; lastKnownFileType = sourcecode.swift; path = Double.swift; sourceTree = "<group>"; };
		F13FA00324571D3A000E4C2D /* SceneNavigatorViewModel.swift */ = {isa = PBXFileReference; lastKnownFileType = sourcecode.swift; path = SceneNavigatorViewModel.swift; sourceTree = "<group>"; };
		F13FA00524572C53000E4C2D /* SaveView.swift */ = {isa = PBXFileReference; lastKnownFileType = sourcecode.swift; path = SaveView.swift; sourceTree = "<group>"; };
		F13FA007245733C1000E4C2D /* CompletionView.swift */ = {isa = PBXFileReference; lastKnownFileType = sourcecode.swift; path = CompletionView.swift; sourceTree = "<group>"; };
		F13FA00924573412000E4C2D /* CompletionViewModel.swift */ = {isa = PBXFileReference; lastKnownFileType = sourcecode.swift; path = CompletionViewModel.swift; sourceTree = "<group>"; };
		F13FA00B24573FE8000E4C2D /* EditorViewController+Gestures.swift */ = {isa = PBXFileReference; lastKnownFileType = sourcecode.swift; path = "EditorViewController+Gestures.swift"; sourceTree = "<group>"; };
		F13FA00D24577FB4000E4C2D /* UIView.swift */ = {isa = PBXFileReference; lastKnownFileType = sourcecode.swift; path = UIView.swift; sourceTree = "<group>"; };
		F13FA00F245781E6000E4C2D /* CGRect+Center.swift */ = {isa = PBXFileReference; lastKnownFileType = sourcecode.swift; path = "CGRect+Center.swift"; sourceTree = "<group>"; };
		F162EED52434E6CD00FA0B49 /* InstaStories.app */ = {isa = PBXFileReference; explicitFileType = wrapper.application; includeInIndex = 0; path = InstaStories.app; sourceTree = BUILT_PRODUCTS_DIR; };
		F162EED82434E6CD00FA0B49 /* AppDelegate.swift */ = {isa = PBXFileReference; lastKnownFileType = sourcecode.swift; path = AppDelegate.swift; sourceTree = "<group>"; };
		F162EEDA2434E6CD00FA0B49 /* SceneDelegate.swift */ = {isa = PBXFileReference; lastKnownFileType = sourcecode.swift; path = SceneDelegate.swift; sourceTree = "<group>"; };
		F162EEDC2434E6CD00FA0B49 /* HomeViewController.swift */ = {isa = PBXFileReference; lastKnownFileType = sourcecode.swift; path = HomeViewController.swift; sourceTree = "<group>"; };
		F162EEE12434E6D200FA0B49 /* Assets.xcassets */ = {isa = PBXFileReference; lastKnownFileType = folder.assetcatalog; path = Assets.xcassets; sourceTree = "<group>"; };
		F162EEE62434E6D200FA0B49 /* Info.plist */ = {isa = PBXFileReference; lastKnownFileType = text.plist.xml; path = Info.plist; sourceTree = "<group>"; };
		F19ABF40244C9B2C005C8ED9 /* Constants.swift */ = {isa = PBXFileReference; lastKnownFileType = sourcecode.swift; path = Constants.swift; sourceTree = "<group>"; };
		F1B3F01E2455BB10001F419C /* TouchStateCaptureGesture.swift */ = {isa = PBXFileReference; lastKnownFileType = sourcecode.swift; path = TouchStateCaptureGesture.swift; sourceTree = "<group>"; };
		F1B3F0202455CEC7001F419C /* CanvasItem.swift */ = {isa = PBXFileReference; lastKnownFileType = sourcecode.swift; path = CanvasItem.swift; sourceTree = "<group>"; };
		F1B7F5552459C8BC00A2C720 /* EditorViewController+TextView.swift */ = {isa = PBXFileReference; lastKnownFileType = sourcecode.swift; path = "EditorViewController+TextView.swift"; sourceTree = "<group>"; };
		F1BFD684244B659800513C9A /* PhotoView.swift */ = {isa = PBXFileReference; lastKnownFileType = sourcecode.swift; path = PhotoView.swift; sourceTree = "<group>"; };
		F1C2AEC6244A06AD00F54CA2 /* EditorViewModel.swift */ = {isa = PBXFileReference; lastKnownFileType = sourcecode.swift; path = EditorViewModel.swift; sourceTree = "<group>"; };
		F1C2AEC8244A077A00F54CA2 /* EditorViewController.swift */ = {isa = PBXFileReference; lastKnownFileType = sourcecode.swift; path = EditorViewController.swift; sourceTree = "<group>"; };
		F1C7BD472451C11200E0C638 /* TouchCaptureGesture.swift */ = {isa = PBXFileReference; lastKnownFileType = sourcecode.swift; path = TouchCaptureGesture.swift; sourceTree = "<group>"; };
		F1C7BD492451F3B000E0C638 /* ColorsCollectionViewController.swift */ = {isa = PBXFileReference; lastKnownFileType = sourcecode.swift; path = ColorsCollectionViewController.swift; sourceTree = "<group>"; };
		F1FA0CDF24466AC2005D2801 /* PhotosViewController.swift */ = {isa = PBXFileReference; lastKnownFileType = sourcecode.swift; path = PhotosViewController.swift; sourceTree = "<group>"; };
		F1FA0CE224466AF5005D2801 /* UIViewController.swift */ = {isa = PBXFileReference; lastKnownFileType = sourcecode.swift; path = UIViewController.swift; sourceTree = "<group>"; };
		F1FA0CE424466E0C005D2801 /* PhotosViewModel.swift */ = {isa = PBXFileReference; lastKnownFileType = sourcecode.swift; path = PhotosViewModel.swift; sourceTree = "<group>"; };
/* End PBXFileReference section */

/* Begin PBXFrameworksBuildPhase section */
		F162EED22434E6CD00FA0B49 /* Frameworks */ = {
			isa = PBXFrameworksBuildPhase;
			buildActionMask = 2147483647;
			files = (
				02C874156FB610306C98BDAD /* Pods_InstaStories.framework in Frameworks */,
			);
			runOnlyForDeploymentPostprocessing = 0;
		};
/* End PBXFrameworksBuildPhase section */

/* Begin PBXGroup section */
		652102D32EA44AEF10B5500A /* Pods */ = {
			isa = PBXGroup;
			children = (
				7974F03D1C3445B97183E971 /* Pods-InstaStories.debug.xcconfig */,
				B67CD3D2F780600E6DF881B1 /* Pods-InstaStories.release.xcconfig */,
			);
			path = Pods;
			sourceTree = "<group>";
		};
		85985198F08974589CB76A18 /* Frameworks */ = {
			isa = PBXGroup;
			children = (
				93DE0D063D7C3E7B3DAC57B6 /* Pods_InstaStories.framework */,
			);
			name = Frameworks;
			sourceTree = "<group>";
		};
		F111BA9D2444F814001EAAF7 /* ViewModels */ = {
			isa = PBXGroup;
			children = (
				F111BA9E2444F82A001EAAF7 /* HomeViewModel.swift */,
				F1FA0CE424466E0C005D2801 /* PhotosViewModel.swift */,
				F1C2AEC6244A06AD00F54CA2 /* EditorViewModel.swift */,
				F136F263244DF5C6004E570D /* ColorsViewModel.swift */,
				F13FA00324571D3A000E4C2D /* SceneNavigatorViewModel.swift */,
				F13FA00924573412000E4C2D /* CompletionViewModel.swift */,
			);
			path = ViewModels;
			sourceTree = "<group>";
		};
		F12FEA512447CD500095BE24 /* Views */ = {
			isa = PBXGroup;
			children = (
				F12FEA522447CD5C0095BE24 /* PhotoCell.swift */,
				F136F261244DDB09004E570D /* ColorCell.swift */,
				F13F9FFD24570F1C000E4C2D /* SceneNavigatorView.swift */,
				F13FA00524572C53000E4C2D /* SaveView.swift */,
				F13FA007245733C1000E4C2D /* CompletionView.swift */,
			);
			path = Views;
			sourceTree = "<group>";
		};
		F162EECC2434E6CD00FA0B49 = {
			isa = PBXGroup;
			children = (
				F162EED72434E6CD00FA0B49 /* InstaStories */,
				F162EED62434E6CD00FA0B49 /* Products */,
				652102D32EA44AEF10B5500A /* Pods */,
				85985198F08974589CB76A18 /* Frameworks */,
			);
			sourceTree = "<group>";
		};
		F162EED62434E6CD00FA0B49 /* Products */ = {
			isa = PBXGroup;
			children = (
				F162EED52434E6CD00FA0B49 /* InstaStories.app */,
			);
			name = Products;
			sourceTree = "<group>";
		};
		F162EED72434E6CD00FA0B49 /* InstaStories */ = {
			isa = PBXGroup;
			children = (
				F1C2AEC32449EBEF00F54CA2 /* Models */,
				F12FEA512447CD500095BE24 /* Views */,
				F1FA0CE124466AE1005D2801 /* Extensions */,
				F111BA9D2444F814001EAAF7 /* ViewModels */,
				F162EED82434E6CD00FA0B49 /* AppDelegate.swift */,
				F19ABF40244C9B2C005C8ED9 /* Constants.swift */,
				F162EEDA2434E6CD00FA0B49 /* SceneDelegate.swift */,
				F162EEDC2434E6CD00FA0B49 /* HomeViewController.swift */,
				F162EEE12434E6D200FA0B49 /* Assets.xcassets */,
				F162EEE62434E6D200FA0B49 /* Info.plist */,
				F1FA0CDF24466AC2005D2801 /* PhotosViewController.swift */,
				F1C2AEC8244A077A00F54CA2 /* EditorViewController.swift */,
				F1C7BD472451C11200E0C638 /* TouchCaptureGesture.swift */,
				F1C7BD492451F3B000E0C638 /* ColorsCollectionViewController.swift */,
				F1B3F01E2455BB10001F419C /* TouchStateCaptureGesture.swift */,
				F13FA00B24573FE8000E4C2D /* EditorViewController+Gestures.swift */,
				F1B7F5552459C8BC00A2C720 /* EditorViewController+TextView.swift */,
			);
			path = InstaStories;
			sourceTree = "<group>";
		};
		F1C2AEC32449EBEF00F54CA2 /* Models */ = {
			isa = PBXGroup;
			children = (
				F1BFD684244B659800513C9A /* PhotoView.swift */,
				F1B3F0202455CEC7001F419C /* CanvasItem.swift */,
			);
			path = Models;
			sourceTree = "<group>";
		};
		F1FA0CE124466AE1005D2801 /* Extensions */ = {
			isa = PBXGroup;
			children = (
				F1FA0CE224466AF5005D2801 /* UIViewController.swift */,
				F13F9FFF24570FB1000E4C2D /* Double.swift */,
				F13FA00D24577FB4000E4C2D /* UIView.swift */,
				F13FA00F245781E6000E4C2D /* CGRect+Center.swift */,
			);
			path = Extensions;
			sourceTree = "<group>";
		};
/* End PBXGroup section */

/* Begin PBXNativeTarget section */
		F162EED42434E6CD00FA0B49 /* InstaStories */ = {
			isa = PBXNativeTarget;
			buildConfigurationList = F162EEE92434E6D200FA0B49 /* Build configuration list for PBXNativeTarget "InstaStories" */;
			buildPhases = (
				056AEFEAAEB630CE98CA541B /* [CP] Check Pods Manifest.lock */,
				F162EED12434E6CD00FA0B49 /* Sources */,
				F162EED22434E6CD00FA0B49 /* Frameworks */,
				F162EED32434E6CD00FA0B49 /* Resources */,
				0EC0F39FF2CFA5C7D5699BCA /* [CP] Embed Pods Frameworks */,
			);
			buildRules = (
			);
			dependencies = (
			);
			name = InstaStories;
			productName = CustomImagePicker;
			productReference = F162EED52434E6CD00FA0B49 /* InstaStories.app */;
			productType = "com.apple.product-type.application";
		};
/* End PBXNativeTarget section */

/* Begin PBXProject section */
		F162EECD2434E6CD00FA0B49 /* Project object */ = {
			isa = PBXProject;
			attributes = {
				LastSwiftUpdateCheck = 1140;
				LastUpgradeCheck = 1140;
				ORGANIZATIONNAME = "Nika Shelia";
				TargetAttributes = {
					F162EED42434E6CD00FA0B49 = {
						CreatedOnToolsVersion = 11.4;
					};
				};
			};
			buildConfigurationList = F162EED02434E6CD00FA0B49 /* Build configuration list for PBXProject "InstaStories" */;
			compatibilityVersion = "Xcode 9.3";
			developmentRegion = en;
			hasScannedForEncodings = 0;
			knownRegions = (
				en,
				Base,
			);
			mainGroup = F162EECC2434E6CD00FA0B49;
			productRefGroup = F162EED62434E6CD00FA0B49 /* Products */;
			projectDirPath = "";
			projectRoot = "";
			targets = (
				F162EED42434E6CD00FA0B49 /* InstaStories */,
			);
		};
/* End PBXProject section */

/* Begin PBXResourcesBuildPhase section */
		F162EED32434E6CD00FA0B49 /* Resources */ = {
			isa = PBXResourcesBuildPhase;
			buildActionMask = 2147483647;
			files = (
				F162EEE22434E6D200FA0B49 /* Assets.xcassets in Resources */,
			);
			runOnlyForDeploymentPostprocessing = 0;
		};
/* End PBXResourcesBuildPhase section */

/* Begin PBXShellScriptBuildPhase section */
		056AEFEAAEB630CE98CA541B /* [CP] Check Pods Manifest.lock */ = {
			isa = PBXShellScriptBuildPhase;
			buildActionMask = 2147483647;
			files = (
			);
			inputFileListPaths = (
			);
			inputPaths = (
				"${PODS_PODFILE_DIR_PATH}/Podfile.lock",
				"${PODS_ROOT}/Manifest.lock",
			);
			name = "[CP] Check Pods Manifest.lock";
			outputFileListPaths = (
			);
			outputPaths = (
				"$(DERIVED_FILE_DIR)/Pods-InstaStories-checkManifestLockResult.txt",
			);
			runOnlyForDeploymentPostprocessing = 0;
			shellPath = /bin/sh;
			shellScript = "diff \"${PODS_PODFILE_DIR_PATH}/Podfile.lock\" \"${PODS_ROOT}/Manifest.lock\" > /dev/null\nif [ $? != 0 ] ; then\n    # print error to STDERR\n    echo \"error: The sandbox is not in sync with the Podfile.lock. Run 'pod install' or update your CocoaPods installation.\" >&2\n    exit 1\nfi\n# This output is used by Xcode 'outputs' to avoid re-running this script phase.\necho \"SUCCESS\" > \"${SCRIPT_OUTPUT_FILE_0}\"\n";
			showEnvVarsInLog = 0;
		};
		0EC0F39FF2CFA5C7D5699BCA /* [CP] Embed Pods Frameworks */ = {
			isa = PBXShellScriptBuildPhase;
			buildActionMask = 2147483647;
			files = (
			);
			inputFileListPaths = (
				"${PODS_ROOT}/Target Support Files/Pods-InstaStories/Pods-InstaStories-frameworks-${CONFIGURATION}-input-files.xcfilelist",
			);
			name = "[CP] Embed Pods Frameworks";
			outputFileListPaths = (
				"${PODS_ROOT}/Target Support Files/Pods-InstaStories/Pods-InstaStories-frameworks-${CONFIGURATION}-output-files.xcfilelist",
			);
			runOnlyForDeploymentPostprocessing = 0;
			shellPath = /bin/sh;
			shellScript = "\"${PODS_ROOT}/Target Support Files/Pods-InstaStories/Pods-InstaStories-frameworks.sh\"\n";
			showEnvVarsInLog = 0;
		};
/* End PBXShellScriptBuildPhase section */

/* Begin PBXSourcesBuildPhase section */
		F162EED12434E6CD00FA0B49 /* Sources */ = {
			isa = PBXSourcesBuildPhase;
			buildActionMask = 2147483647;
			files = (
				F13FA00E24577FB4000E4C2D /* UIView.swift in Sources */,
				F1FA0CE524466E0C005D2801 /* PhotosViewModel.swift in Sources */,
				F19ABF41244C9B2C005C8ED9 /* Constants.swift in Sources */,
				F162EEDD2434E6CD00FA0B49 /* HomeViewController.swift in Sources */,
				F162EED92434E6CD00FA0B49 /* AppDelegate.swift in Sources */,
				F13FA00C24573FE8000E4C2D /* EditorViewController+Gestures.swift in Sources */,
				F1C2AEC9244A077A00F54CA2 /* EditorViewController.swift in Sources */,
				F1B3F01F2455BB10001F419C /* TouchStateCaptureGesture.swift in Sources */,
				F1C2AEC7244A06AD00F54CA2 /* EditorViewModel.swift in Sources */,
				F13FA010245781E6000E4C2D /* CGRect+Center.swift in Sources */,
				F1BFD685244B659800513C9A /* PhotoView.swift in Sources */,
				F1FA0CE324466AF5005D2801 /* UIViewController.swift in Sources */,
				F136F262244DDB09004E570D /* ColorCell.swift in Sources */,
				F13F9FFE24570F1C000E4C2D /* SceneNavigatorView.swift in Sources */,
				F1B3F0212455CEC7001F419C /* CanvasItem.swift in Sources */,
				F1C7BD4A2451F3B000E0C638 /* ColorsCollectionViewController.swift in Sources */,
				F1C7BD482451C11200E0C638 /* TouchCaptureGesture.swift in Sources */,
				F12FEA532447CD5C0095BE24 /* PhotoCell.swift in Sources */,
				F13FA00624572C53000E4C2D /* SaveView.swift in Sources */,
				F162EEDB2434E6CD00FA0B49 /* SceneDelegate.swift in Sources */,
				F13FA00424571D3A000E4C2D /* SceneNavigatorViewModel.swift in Sources */,
				F13FA00A24573412000E4C2D /* CompletionViewModel.swift in Sources */,
				F111BA9F2444F82A001EAAF7 /* HomeViewModel.swift in Sources */,
				F1FA0CE024466AC2005D2801 /* PhotosViewController.swift in Sources */,
				F13FA00024570FB1000E4C2D /* Double.swift in Sources */,
				F136F264244DF5C6004E570D /* ColorsViewModel.swift in Sources */,
				F13FA008245733C1000E4C2D /* CompletionView.swift in Sources */,
				F1B7F5562459C8BC00A2C720 /* EditorViewController+TextView.swift in Sources */,
			);
			runOnlyForDeploymentPostprocessing = 0;
		};
/* End PBXSourcesBuildPhase section */

/* Begin XCBuildConfiguration section */
		F162EEE72434E6D200FA0B49 /* Debug */ = {
			isa = XCBuildConfiguration;
			buildSettings = {
				ALWAYS_SEARCH_USER_PATHS = NO;
				CLANG_ANALYZER_NONNULL = YES;
				CLANG_ANALYZER_NUMBER_OBJECT_CONVERSION = YES_AGGRESSIVE;
				CLANG_CXX_LANGUAGE_STANDARD = "gnu++14";
				CLANG_CXX_LIBRARY = "libc++";
				CLANG_ENABLE_MODULES = YES;
				CLANG_ENABLE_OBJC_ARC = YES;
				CLANG_ENABLE_OBJC_WEAK = YES;
				CLANG_WARN_BLOCK_CAPTURE_AUTORELEASING = YES;
				CLANG_WARN_BOOL_CONVERSION = YES;
				CLANG_WARN_COMMA = YES;
				CLANG_WARN_CONSTANT_CONVERSION = YES;
				CLANG_WARN_DEPRECATED_OBJC_IMPLEMENTATIONS = YES;
				CLANG_WARN_DIRECT_OBJC_ISA_USAGE = YES_ERROR;
				CLANG_WARN_DOCUMENTATION_COMMENTS = YES;
				CLANG_WARN_EMPTY_BODY = YES;
				CLANG_WARN_ENUM_CONVERSION = YES;
				CLANG_WARN_INFINITE_RECURSION = YES;
				CLANG_WARN_INT_CONVERSION = YES;
				CLANG_WARN_NON_LITERAL_NULL_CONVERSION = YES;
				CLANG_WARN_OBJC_IMPLICIT_RETAIN_SELF = YES;
				CLANG_WARN_OBJC_LITERAL_CONVERSION = YES;
				CLANG_WARN_OBJC_ROOT_CLASS = YES_ERROR;
				CLANG_WARN_RANGE_LOOP_ANALYSIS = YES;
				CLANG_WARN_STRICT_PROTOTYPES = YES;
				CLANG_WARN_SUSPICIOUS_MOVE = YES;
				CLANG_WARN_UNGUARDED_AVAILABILITY = YES_AGGRESSIVE;
				CLANG_WARN_UNREACHABLE_CODE = YES;
				CLANG_WARN__DUPLICATE_METHOD_MATCH = YES;
				COPY_PHASE_STRIP = NO;
				DEBUG_INFORMATION_FORMAT = dwarf;
				ENABLE_STRICT_OBJC_MSGSEND = YES;
				ENABLE_TESTABILITY = YES;
				GCC_C_LANGUAGE_STANDARD = gnu11;
				GCC_DYNAMIC_NO_PIC = NO;
				GCC_NO_COMMON_BLOCKS = YES;
				GCC_OPTIMIZATION_LEVEL = 0;
				GCC_PREPROCESSOR_DEFINITIONS = (
					"DEBUG=1",
					"$(inherited)",
				);
				GCC_WARN_64_TO_32_BIT_CONVERSION = YES;
				GCC_WARN_ABOUT_RETURN_TYPE = YES_ERROR;
				GCC_WARN_UNDECLARED_SELECTOR = YES;
				GCC_WARN_UNINITIALIZED_AUTOS = YES_AGGRESSIVE;
				GCC_WARN_UNUSED_FUNCTION = YES;
				GCC_WARN_UNUSED_VARIABLE = YES;
				IPHONEOS_DEPLOYMENT_TARGET = 13.4;
				MTL_ENABLE_DEBUG_INFO = INCLUDE_SOURCE;
				MTL_FAST_MATH = YES;
				ONLY_ACTIVE_ARCH = YES;
				SDKROOT = iphoneos;
				SWIFT_ACTIVE_COMPILATION_CONDITIONS = DEBUG;
				SWIFT_OPTIMIZATION_LEVEL = "-Onone";
			};
			name = Debug;
		};
		F162EEE82434E6D200FA0B49 /* Release */ = {
			isa = XCBuildConfiguration;
			buildSettings = {
				ALWAYS_SEARCH_USER_PATHS = NO;
				CLANG_ANALYZER_NONNULL = YES;
				CLANG_ANALYZER_NUMBER_OBJECT_CONVERSION = YES_AGGRESSIVE;
				CLANG_CXX_LANGUAGE_STANDARD = "gnu++14";
				CLANG_CXX_LIBRARY = "libc++";
				CLANG_ENABLE_MODULES = YES;
				CLANG_ENABLE_OBJC_ARC = YES;
				CLANG_ENABLE_OBJC_WEAK = YES;
				CLANG_WARN_BLOCK_CAPTURE_AUTORELEASING = YES;
				CLANG_WARN_BOOL_CONVERSION = YES;
				CLANG_WARN_COMMA = YES;
				CLANG_WARN_CONSTANT_CONVERSION = YES;
				CLANG_WARN_DEPRECATED_OBJC_IMPLEMENTATIONS = YES;
				CLANG_WARN_DIRECT_OBJC_ISA_USAGE = YES_ERROR;
				CLANG_WARN_DOCUMENTATION_COMMENTS = YES;
				CLANG_WARN_EMPTY_BODY = YES;
				CLANG_WARN_ENUM_CONVERSION = YES;
				CLANG_WARN_INFINITE_RECURSION = YES;
				CLANG_WARN_INT_CONVERSION = YES;
				CLANG_WARN_NON_LITERAL_NULL_CONVERSION = YES;
				CLANG_WARN_OBJC_IMPLICIT_RETAIN_SELF = YES;
				CLANG_WARN_OBJC_LITERAL_CONVERSION = YES;
				CLANG_WARN_OBJC_ROOT_CLASS = YES_ERROR;
				CLANG_WARN_RANGE_LOOP_ANALYSIS = YES;
				CLANG_WARN_STRICT_PROTOTYPES = YES;
				CLANG_WARN_SUSPICIOUS_MOVE = YES;
				CLANG_WARN_UNGUARDED_AVAILABILITY = YES_AGGRESSIVE;
				CLANG_WARN_UNREACHABLE_CODE = YES;
				CLANG_WARN__DUPLICATE_METHOD_MATCH = YES;
				COPY_PHASE_STRIP = NO;
				DEBUG_INFORMATION_FORMAT = "dwarf-with-dsym";
				ENABLE_NS_ASSERTIONS = NO;
				ENABLE_STRICT_OBJC_MSGSEND = YES;
				GCC_C_LANGUAGE_STANDARD = gnu11;
				GCC_NO_COMMON_BLOCKS = YES;
				GCC_WARN_64_TO_32_BIT_CONVERSION = YES;
				GCC_WARN_ABOUT_RETURN_TYPE = YES_ERROR;
				GCC_WARN_UNDECLARED_SELECTOR = YES;
				GCC_WARN_UNINITIALIZED_AUTOS = YES_AGGRESSIVE;
				GCC_WARN_UNUSED_FUNCTION = YES;
				GCC_WARN_UNUSED_VARIABLE = YES;
				IPHONEOS_DEPLOYMENT_TARGET = 13.4;
				MTL_ENABLE_DEBUG_INFO = NO;
				MTL_FAST_MATH = YES;
				SDKROOT = iphoneos;
				SWIFT_COMPILATION_MODE = wholemodule;
				SWIFT_OPTIMIZATION_LEVEL = "-O";
				VALIDATE_PRODUCT = YES;
			};
			name = Release;
		};
		F162EEEA2434E6D200FA0B49 /* Debug */ = {
			isa = XCBuildConfiguration;
			baseConfigurationReference = 7974F03D1C3445B97183E971 /* Pods-InstaStories.debug.xcconfig */;
			buildSettings = {
				ASSETCATALOG_COMPILER_APPICON_NAME = AppIcon;
				CODE_SIGN_STYLE = Automatic;
				DEVELOPMENT_TEAM = 49DPNDBRL9;
				INFOPLIST_FILE = InstaStories/Info.plist;
				LD_RUNPATH_SEARCH_PATHS = (
					"$(inherited)",
					"@executable_path/Frameworks",
				);
				PRODUCT_BUNDLE_IDENTIFIER = com.personal.InstaStories;
				PRODUCT_NAME = "$(TARGET_NAME)";
				SWIFT_VERSION = 5.0;
				TARGETED_DEVICE_FAMILY = "1,2";
			};
			name = Debug;
		};
		F162EEEB2434E6D200FA0B49 /* Release */ = {
			isa = XCBuildConfiguration;
			baseConfigurationReference = B67CD3D2F780600E6DF881B1 /* Pods-InstaStories.release.xcconfig */;
			buildSettings = {
				ASSETCATALOG_COMPILER_APPICON_NAME = AppIcon;
				CODE_SIGN_STYLE = Automatic;
				DEVELOPMENT_TEAM = 49DPNDBRL9;
				INFOPLIST_FILE = InstaStories/Info.plist;
				LD_RUNPATH_SEARCH_PATHS = (
					"$(inherited)",
					"@executable_path/Frameworks",
				);
				PRODUCT_BUNDLE_IDENTIFIER = com.personal.InstaStories;
				PRODUCT_NAME = "$(TARGET_NAME)";
				SWIFT_VERSION = 5.0;
				TARGETED_DEVICE_FAMILY = "1,2";
			};
			name = Release;
		};
/* End XCBuildConfiguration section */

/* Begin XCConfigurationList section */
		F162EED02434E6CD00FA0B49 /* Build configuration list for PBXProject "InstaStories" */ = {
			isa = XCConfigurationList;
			buildConfigurations = (
				F162EEE72434E6D200FA0B49 /* Debug */,
				F162EEE82434E6D200FA0B49 /* Release */,
			);
			defaultConfigurationIsVisible = 0;
			defaultConfigurationName = Release;
		};
		F162EEE92434E6D200FA0B49 /* Build configuration list for PBXNativeTarget "InstaStories" */ = {
			isa = XCConfigurationList;
			buildConfigurations = (
				F162EEEA2434E6D200FA0B49 /* Debug */,
				F162EEEB2434E6D200FA0B49 /* Release */,
			);
			defaultConfigurationIsVisible = 0;
			defaultConfigurationName = Release;
		};
/* End XCConfigurationList section */
	};
	rootObject = F162EECD2434E6CD00FA0B49 /* Project object */;
}
